
Microsoft Visual Studio Solution File, Format Version 12.00
# Visual Studio 15
Project("{FAE04EC0-301F-11D3-BF4B-00C04F79EFBC}") = "YunFramework", "YunFramework.csproj", "{36B2A29B-1192-D9B4-D27E-E4B6096B25DA}"
EndProject
Project("{FAE04EC0-301F-11D3-BF4B-00C04F79EFBC}") = "YunFramework.Editor", "YunFramework.Editor.csproj", "{D3A68C12-2DFA-96D4-9DB3-CC37319F2E00}"
EndProject
Project("{FAE04EC0-301F-11D3-BF4B-00C04F79EFBC}") = "Hotfix", "Hotfix\Hotfix.csproj", "{DCF5E9DF-5D45-4111-8317-4847DAAD2834}"
EndProject
Global
	GlobalSection(SolutionConfigurationPlatforms) = preSolution
		Debug|Any CPU = Debug|Any CPU
		Release|Any CPU = Release|Any CPU
	EndGlobalSection
	GlobalSection(ProjectConfigurationPlatforms) = postSolution
		{36B2A29B-1192-D9B4-D27E-E4B6096B25DA}.Debug|Any CPU.ActiveCfg = Debug|Any CPU
		{36B2A29B-1192-D9B4-D27E-E4B6096B25DA}.Debug|Any CPU.Build.0 = Debug|Any CPU
		{36B2A29B-1192-D9B4-D27E-E4B6096B25DA}.Release|Any CPU.ActiveCfg = Release|Any CPU
		{36B2A29B-1192-D9B4-D27E-E4B6096B25DA}.Release|Any CPU.Build.0 = Release|Any CPU
		{D3A68C12-2DFA-96D4-9DB3-CC37319F2E00}.Debug|Any CPU.ActiveCfg = Debug|Any CPU
		{D3A68C12-2DFA-96D4-9DB3-CC37319F2E00}.Debug|Any CPU.Build.0 = Debug|Any CPU
		{D3A68C12-2DFA-96D4-9DB3-CC37319F2E00}.Release|Any CPU.ActiveCfg = Release|Any CPU
		{D3A68C12-2DFA-96D4-9DB3-CC37319F2E00}.Release|Any CPU.Build.0 = Release|Any CPU
		{DCF5E9DF-5D45-4111-8317-4847DAAD2834}.Debug|Any CPU.ActiveCfg = Debug|Any CPU
		{DCF5E9DF-5D45-4111-8317-4847DAAD2834}.Debug|Any CPU.Build.0 = Debug|Any CPU
		{DCF5E9DF-5D45-4111-8317-4847DAAD2834}.Release|Any CPU.ActiveCfg = Release|Any CPU
		{DCF5E9DF-5D45-4111-8317-4847DAAD2834}.Release|Any CPU.Build.0 = Release|Any CPU
	EndGlobalSection
	GlobalSection(SolutionProperties) = preSolution
		HideSolutionNode = FALSE
	EndGlobalSection
EndGlobal
