
Microsoft Visual Studio Solution File, Format Version 12.00
# Visual Studio 15
Project("{FAE04EC0-301F-11D3-BF4B-00C04F79EFBC}") = "YunFramework", "Assembly-CSharp.csproj", "{DDF7F595-5857-38FC-3E85-AD86248502B2}"
EndProject
Project("{FAE04EC0-301F-11D3-BF4B-00C04F79EFBC}") = "YunFramework", "Assembly-CSharp-Editor.csproj", "{E890123A-84A4-85A5-6568-7CDA7720E727}"
EndProject
Project("{FAE04EC0-301F-11D3-BF4B-00C04F79EFBC}") = "Hotfix", "Hotfix\Hotfix.csproj", "{DCF5E9DF-5D45-4111-8317-4847DAAD2834}"
EndProject
Global
	GlobalSection(SolutionConfigurationPlatforms) = preSolution
		Debug|Any CPU = Debug|Any CPU
		Release|Any CPU = Release|Any CPU
	EndGlobalSection
	GlobalSection(ProjectConfigurationPlatforms) = postSolution
		{DDF7F595-5857-38FC-3E85-AD86248502B2}.Debug|Any CPU.ActiveCfg = Debug|Any CPU
		{DDF7F595-5857-38FC-3E85-AD86248502B2}.Debug|Any CPU.Build.0 = Debug|Any CPU
		{DDF7F595-5857-38FC-3E85-AD86248502B2}.Release|Any CPU.ActiveCfg = Release|Any CPU
		{DDF7F595-5857-38FC-3E85-AD86248502B2}.Release|Any CPU.Build.0 = Release|Any CPU
		{E890123A-84A4-85A5-6568-7CDA7720E727}.Debug|Any CPU.ActiveCfg = Debug|Any CPU
		{E890123A-84A4-85A5-6568-7CDA7720E727}.Debug|Any CPU.Build.0 = Debug|Any CPU
		{E890123A-84A4-85A5-6568-7CDA7720E727}.Release|Any CPU.ActiveCfg = Release|Any CPU
		{E890123A-84A4-85A5-6568-7CDA7720E727}.Release|Any CPU.Build.0 = Release|Any CPU
		{DCF5E9DF-5D45-4111-8317-4847DAAD2834}.Debug|Any CPU.ActiveCfg = Debug|Any CPU
		{DCF5E9DF-5D45-4111-8317-4847DAAD2834}.Debug|Any CPU.Build.0 = Debug|Any CPU
		{DCF5E9DF-5D45-4111-8317-4847DAAD2834}.Release|Any CPU.ActiveCfg = Release|Any CPU
		{DCF5E9DF-5D45-4111-8317-4847DAAD2834}.Release|Any CPU.Build.0 = Release|Any CPU
	EndGlobalSection
	GlobalSection(SolutionProperties) = preSolution
		HideSolutionNode = FALSE
	EndGlobalSection
EndGlobal
